
Microsoft Visual Studio Solution File, Format Version 12.00
# Visual Studio Version 16
VisualStudioVersion = 25.0.1705.3
MinimumVisualStudioVersion = 10.0.40219.1
Project("{FAE04EC0-301F-11D3-BF4B-00C04F79EFBC}") = "BuyingInventory", "BuyingInventory\BuyingInventory.csproj", "{8B17EE89-746D-4A3F-B6C1-63A6A4FD2DB1}"
EndProject
Global
	GlobalSection(SolutionConfigurationPlatforms) = preSolution
		Debug|Any CPU = Debug|Any CPU
		Release|Any CPU = Release|Any CPU
	EndGlobalSection
	GlobalSection(ProjectConfigurationPlatforms) = postSolution
		{8B17EE89-746D-4A3F-B6C1-63A6A4FD2DB1}.Debug|Any CPU.ActiveCfg = Debug|Any CPU
		{8B17EE89-746D-4A3F-B6C1-63A6A4FD2DB1}.Debug|Any CPU.Build.0 = Debug|Any CPU
		{8B17EE89-746D-4A3F-B6C1-63A6A4FD2DB1}.Release|Any CPU.ActiveCfg = Release|Any CPU
		{8B17EE89-746D-4A3F-B6C1-63A6A4FD2DB1}.Release|Any CPU.Build.0 = Release|Any CPU
	EndGlobalSection
	GlobalSection(SolutionProperties) = preSolution
		HideSolutionNode = FALSE
	EndGlobalSection
	GlobalSection(ExtensibilityGlobals) = postSolution
		SolutionGuid = {5E0FEB45-3B44-43C1-88FF-9812299C1778}
	EndGlobalSection
EndGlobal
