
Microsoft Visual Studio Solution File, Format Version 12.00
# Visual Studio Version 17
VisualStudioVersion = 17.5.33516.290
MinimumVisualStudioVersion = 10.0.40219.1
Project("{FAE04EC0-301F-11D3-BF4B-00C04F79EFBC}") = "RoboticInterface", "RoboticInterface.csproj", "{BC9E392C-BD2C-45CE-8851-0BCF3D2C1EBF}"
EndProject
Global
	GlobalSection(SolutionConfigurationPlatforms) = preSolution
		Debug|Any CPU = Debug|Any CPU
		Release|Any CPU = Release|Any CPU
	EndGlobalSection
	GlobalSection(ProjectConfigurationPlatforms) = postSolution
		{BC9E392C-BD2C-45CE-8851-0BCF3D2C1EBF}.Debug|Any CPU.ActiveCfg = Debug|Any CPU
		{BC9E392C-BD2C-45CE-8851-0BCF3D2C1EBF}.Debug|Any CPU.Build.0 = Debug|Any CPU
		{BC9E392C-BD2C-45CE-8851-0BCF3D2C1EBF}.Release|Any CPU.ActiveCfg = Release|Any CPU
		{BC9E392C-BD2C-45CE-8851-0BCF3D2C1EBF}.Release|Any CPU.Build.0 = Release|Any CPU
	EndGlobalSection
	GlobalSection(SolutionProperties) = preSolution
		HideSolutionNode = FALSE
	EndGlobalSection
	GlobalSection(ExtensibilityGlobals) = postSolution
		SolutionGuid = {F4EF59F5-0E62-4ECE-955A-63A4179832E6}
	EndGlobalSection
EndGlobal
