
Microsoft Visual Studio Solution File, Format Version 12.00
# Visual Studio Version 16
VisualStudioVersion = 25.0.1705.3
MinimumVisualStudioVersion = 10.0.40219.1
Project("{FAE04EC0-301F-11D3-BF4B-00C04F79EFBC}") = "ThePropertiesOfArrows", "ThePropertiesOfArrows\ThePropertiesOfArrows.csproj", "{AA2810B1-0E1D-492D-A4CD-C73ACA9175D1}"
EndProject
Global
	GlobalSection(SolutionConfigurationPlatforms) = preSolution
		Debug|Any CPU = Debug|Any CPU
		Release|Any CPU = Release|Any CPU
	EndGlobalSection
	GlobalSection(ProjectConfigurationPlatforms) = postSolution
		{AA2810B1-0E1D-492D-A4CD-C73ACA9175D1}.Debug|Any CPU.ActiveCfg = Debug|Any CPU
		{AA2810B1-0E1D-492D-A4CD-C73ACA9175D1}.Debug|Any CPU.Build.0 = Debug|Any CPU
		{AA2810B1-0E1D-492D-A4CD-C73ACA9175D1}.Release|Any CPU.ActiveCfg = Release|Any CPU
		{AA2810B1-0E1D-492D-A4CD-C73ACA9175D1}.Release|Any CPU.Build.0 = Release|Any CPU
	EndGlobalSection
	GlobalSection(SolutionProperties) = preSolution
		HideSolutionNode = FALSE
	EndGlobalSection
	GlobalSection(ExtensibilityGlobals) = postSolution
		SolutionGuid = {EDD0BB00-DC60-43A6-AE81-CFEAA8EA8FDB}
	EndGlobalSection
EndGlobal
