
Microsoft Visual Studio Solution File, Format Version 12.00
# Visual Studio Version 17
VisualStudioVersion = 17.5.33516.290
MinimumVisualStudioVersion = 10.0.40219.1
Project("{FAE04EC0-301F-11D3-BF4B-00C04F79EFBC}") = "PackingInventory", "PackingInventory.csproj", "{6EECF8F4-36DF-4BE1-82EB-4338121EFFFD}"
EndProject
Global
	GlobalSection(SolutionConfigurationPlatforms) = preSolution
		Debug|Any CPU = Debug|Any CPU
		Release|Any CPU = Release|Any CPU
	EndGlobalSection
	GlobalSection(ProjectConfigurationPlatforms) = postSolution
		{6EECF8F4-36DF-4BE1-82EB-4338121EFFFD}.Debug|Any CPU.ActiveCfg = Debug|Any CPU
		{6EECF8F4-36DF-4BE1-82EB-4338121EFFFD}.Debug|Any CPU.Build.0 = Debug|Any CPU
		{6EECF8F4-36DF-4BE1-82EB-4338121EFFFD}.Release|Any CPU.ActiveCfg = Release|Any CPU
		{6EECF8F4-36DF-4BE1-82EB-4338121EFFFD}.Release|Any CPU.Build.0 = Release|Any CPU
	EndGlobalSection
	GlobalSection(SolutionProperties) = preSolution
		HideSolutionNode = FALSE
	EndGlobalSection
	GlobalSection(ExtensibilityGlobals) = postSolution
		SolutionGuid = {E4096BDC-B243-4371-A158-ADD1D649F7F1}
	EndGlobalSection
EndGlobal
