
Microsoft Visual Studio Solution File, Format Version 12.00
# Visual Studio Version 16
VisualStudioVersion = 25.0.1705.3
MinimumVisualStudioVersion = 10.0.40219.1
Project("{FAE04EC0-301F-11D3-BF4B-00C04F79EFBC}") = "HuntingTheManticore", "HuntingTheManticore\HuntingTheManticore.csproj", "{619F75F0-D1AB-49BD-A059-C6B193AC632F}"
EndProject
Global
	GlobalSection(SolutionConfigurationPlatforms) = preSolution
		Debug|Any CPU = Debug|Any CPU
		Release|Any CPU = Release|Any CPU
	EndGlobalSection
	GlobalSection(ProjectConfigurationPlatforms) = postSolution
		{619F75F0-D1AB-49BD-A059-C6B193AC632F}.Debug|Any CPU.ActiveCfg = Debug|Any CPU
		{619F75F0-D1AB-49BD-A059-C6B193AC632F}.Debug|Any CPU.Build.0 = Debug|Any CPU
		{619F75F0-D1AB-49BD-A059-C6B193AC632F}.Release|Any CPU.ActiveCfg = Release|Any CPU
		{619F75F0-D1AB-49BD-A059-C6B193AC632F}.Release|Any CPU.Build.0 = Release|Any CPU
	EndGlobalSection
	GlobalSection(SolutionProperties) = preSolution
		HideSolutionNode = FALSE
	EndGlobalSection
	GlobalSection(ExtensibilityGlobals) = postSolution
		SolutionGuid = {4706C902-A397-4ED3-A215-71CE39F22C56}
	EndGlobalSection
EndGlobal
