
Microsoft Visual Studio Solution File, Format Version 12.00
# Visual Studio Version 16
VisualStudioVersion = 25.0.1705.3
MinimumVisualStudioVersion = 10.0.40219.1
Project("{FAE04EC0-301F-11D3-BF4B-00C04F79EFBC}") = "Countdown", "Countdown\Countdown.csproj", "{BA396DB4-A83D-4E9E-9391-BAB92DE67812}"
EndProject
Global
	GlobalSection(SolutionConfigurationPlatforms) = preSolution
		Debug|Any CPU = Debug|Any CPU
		Release|Any CPU = Release|Any CPU
	EndGlobalSection
	GlobalSection(ProjectConfigurationPlatforms) = postSolution
		{BA396DB4-A83D-4E9E-9391-BAB92DE67812}.Debug|Any CPU.ActiveCfg = Debug|Any CPU
		{BA396DB4-A83D-4E9E-9391-BAB92DE67812}.Debug|Any CPU.Build.0 = Debug|Any CPU
		{BA396DB4-A83D-4E9E-9391-BAB92DE67812}.Release|Any CPU.ActiveCfg = Release|Any CPU
		{BA396DB4-A83D-4E9E-9391-BAB92DE67812}.Release|Any CPU.Build.0 = Release|Any CPU
	EndGlobalSection
	GlobalSection(SolutionProperties) = preSolution
		HideSolutionNode = FALSE
	EndGlobalSection
	GlobalSection(ExtensibilityGlobals) = postSolution
		SolutionGuid = {A2CA2358-0C49-4850-B737-408E27F6B624}
	EndGlobalSection
EndGlobal
