
Microsoft Visual Studio Solution File, Format Version 12.00
# Visual Studio Version 16
VisualStudioVersion = 25.0.1705.3
MinimumVisualStudioVersion = 10.0.40219.1
Project("{FAE04EC0-301F-11D3-BF4B-00C04F79EFBC}") = "ArrowFactories", "ArrowFactories\ArrowFactories.csproj", "{BA15059C-ED7E-48C2-BF8B-0DB7D0A23930}"
EndProject
Global
	GlobalSection(SolutionConfigurationPlatforms) = preSolution
		Debug|Any CPU = Debug|Any CPU
		Release|Any CPU = Release|Any CPU
	EndGlobalSection
	GlobalSection(ProjectConfigurationPlatforms) = postSolution
		{BA15059C-ED7E-48C2-BF8B-0DB7D0A23930}.Debug|Any CPU.ActiveCfg = Debug|Any CPU
		{BA15059C-ED7E-48C2-BF8B-0DB7D0A23930}.Debug|Any CPU.Build.0 = Debug|Any CPU
		{BA15059C-ED7E-48C2-BF8B-0DB7D0A23930}.Release|Any CPU.ActiveCfg = Release|Any CPU
		{BA15059C-ED7E-48C2-BF8B-0DB7D0A23930}.Release|Any CPU.Build.0 = Release|Any CPU
	EndGlobalSection
	GlobalSection(SolutionProperties) = preSolution
		HideSolutionNode = FALSE
	EndGlobalSection
	GlobalSection(ExtensibilityGlobals) = postSolution
		SolutionGuid = {63CDA8CA-4A63-4E56-99DF-D10F98E58F50}
	EndGlobalSection
EndGlobal
