
Microsoft Visual Studio Solution File, Format Version 12.00
# Visual Studio Version 16
VisualStudioVersion = 25.0.1705.3
MinimumVisualStudioVersion = 10.0.40219.1
Project("{FAE04EC0-301F-11D3-BF4B-00C04F79EFBC}") = "Watchtower", "Watchtower\Watchtower.csproj", "{F82EE697-E7A4-40BD-82B0-231F423E6006}"
EndProject
Global
	GlobalSection(SolutionConfigurationPlatforms) = preSolution
		Debug|Any CPU = Debug|Any CPU
		Release|Any CPU = Release|Any CPU
	EndGlobalSection
	GlobalSection(ProjectConfigurationPlatforms) = postSolution
		{F82EE697-E7A4-40BD-82B0-231F423E6006}.Debug|Any CPU.ActiveCfg = Debug|Any CPU
		{F82EE697-E7A4-40BD-82B0-231F423E6006}.Debug|Any CPU.Build.0 = Debug|Any CPU
		{F82EE697-E7A4-40BD-82B0-231F423E6006}.Release|Any CPU.ActiveCfg = Release|Any CPU
		{F82EE697-E7A4-40BD-82B0-231F423E6006}.Release|Any CPU.Build.0 = Release|Any CPU
	EndGlobalSection
	GlobalSection(SolutionProperties) = preSolution
		HideSolutionNode = FALSE
	EndGlobalSection
	GlobalSection(ExtensibilityGlobals) = postSolution
		SolutionGuid = {135E21DA-A758-4957-B394-5AF026A9FCF2}
	EndGlobalSection
EndGlobal
