
Microsoft Visual Studio Solution File, Format Version 12.00
# Visual Studio Version 17
VisualStudioVersion = 17.5.33516.290
MinimumVisualStudioVersion = 10.0.40219.1
Project("{FAE04EC0-301F-11D3-BF4B-00C04F79EFBC}") = "FifteenPuzzle", "FifteenPuzzle\FifteenPuzzle.csproj", "{EAB5C463-370C-4742-9D6B-D39E47D12E48}"
EndProject
Global
	GlobalSection(SolutionConfigurationPlatforms) = preSolution
		Debug|Any CPU = Debug|Any CPU
		Release|Any CPU = Release|Any CPU
	EndGlobalSection
	GlobalSection(ProjectConfigurationPlatforms) = postSolution
		{EAB5C463-370C-4742-9D6B-D39E47D12E48}.Debug|Any CPU.ActiveCfg = Debug|Any CPU
		{EAB5C463-370C-4742-9D6B-D39E47D12E48}.Debug|Any CPU.Build.0 = Debug|Any CPU
		{EAB5C463-370C-4742-9D6B-D39E47D12E48}.Release|Any CPU.ActiveCfg = Release|Any CPU
		{EAB5C463-370C-4742-9D6B-D39E47D12E48}.Release|Any CPU.Build.0 = Release|Any CPU
	EndGlobalSection
	GlobalSection(SolutionProperties) = preSolution
		HideSolutionNode = FALSE
	EndGlobalSection
	GlobalSection(ExtensibilityGlobals) = postSolution
		SolutionGuid = {E451EDDD-9475-4139-8F5B-29E6ECDC1372}
	EndGlobalSection
EndGlobal
